// !$*UTF8*$!
{
	archiveVersion = 1;
	classes = {
	};
	objectVersion = 55;
	objects = {

/* Begin PBXBuildFile section */
		3D1E2968280B4EAB0067F32B /* AppDelegate.swift in Sources */ = {isa = PBXBuildFile; fileRef = 3D1E2967280B4EAB0067F32B /* AppDelegate.swift */; };
		3D1E296A280B4EAB0067F32B /* SceneDelegate.swift in Sources */ = {isa = PBXBuildFile; fileRef = 3D1E2969280B4EAB0067F32B /* SceneDelegate.swift */; };
		3D1E296C280B4EAB0067F32B /* ViewController.swift in Sources */ = {isa = PBXBuildFile; fileRef = 3D1E296B280B4EAB0067F32B /* ViewController.swift */; };
		3D1E296F280B4EAB0067F32B /* Main.storyboard in Resources */ = {isa = PBXBuildFile; fileRef = 3D1E296D280B4EAB0067F32B /* Main.storyboard */; };
		3D1E2971280B4EAD0067F32B /* Assets.xcassets in Resources */ = {isa = PBXBuildFile; fileRef = 3D1E2970280B4EAD0067F32B /* Assets.xcassets */; };
		3D1E2974280B4EAD0067F32B /* LaunchScreen.storyboard in Resources */ = {isa = PBXBuildFile; fileRef = 3D1E2972280B4EAD0067F32B /* LaunchScreen.storyboard */; };
		3D1E297F280B4EAE0067F32B /* youtube_onedaybuildTests.swift in Sources */ = {isa = PBXBuildFile; fileRef = 3D1E297E280B4EAE0067F32B /* youtube_onedaybuildTests.swift */; };
		3D1E2989280B4EAE0067F32B /* youtube_onedaybuildUITests.swift in Sources */ = {isa = PBXBuildFile; fileRef = 3D1E2988280B4EAE0067F32B /* youtube_onedaybuildUITests.swift */; };
		3D1E298B280B4EAE0067F32B /* youtube_onedaybuildUITestsLaunchTests.swift in Sources */ = {isa = PBXBuildFile; fileRef = 3D1E298A280B4EAE0067F32B /* youtube_onedaybuildUITestsLaunchTests.swift */; };
/* End PBXBuildFile section */

/* Begin PBXContainerItemProxy section */
		3D1E297B280B4EAE0067F32B /* PBXContainerItemProxy */ = {
			isa = PBXContainerItemProxy;
			containerPortal = 3D1E295C280B4EAB0067F32B /* Project object */;
			proxyType = 1;
			remoteGlobalIDString = 3D1E2963280B4EAB0067F32B;
			remoteInfo = youtube_onedaybuild;
		};
		3D1E2985280B4EAE0067F32B /* PBXContainerItemProxy */ = {
			isa = PBXContainerItemProxy;
			containerPortal = 3D1E295C280B4EAB0067F32B /* Project object */;
			proxyType = 1;
			remoteGlobalIDString = 3D1E2963280B4EAB0067F32B;
			remoteInfo = youtube_onedaybuild;
		};
/* End PBXContainerItemProxy section */

/* Begin PBXFileReference section */
		3D1E2964280B4EAB0067F32B /* youtube_onedaybuild.app */ = {isa = PBXFileReference; explicitFileType = wrapper.application; includeInIndex = 0; path = youtube_onedaybuild.app; sourceTree = BUILT_PRODUCTS_DIR; };
		3D1E2967280B4EAB0067F32B /* AppDelegate.swift */ = {isa = PBXFileReference; lastKnownFileType = sourcecode.swift; path = AppDelegate.swift; sourceTree = "<group>"; };
		3D1E2969280B4EAB0067F32B /* SceneDelegate.swift */ = {isa = PBXFileReference; lastKnownFileType = sourcecode.swift; path = SceneDelegate.swift; sourceTree = "<group>"; };
		3D1E296B280B4EAB0067F32B /* ViewController.swift */ = {isa = PBXFileReference; lastKnownFileType = sourcecode.swift; path = ViewController.swift; sourceTree = "<group>"; };
		3D1E296E280B4EAB0067F32B /* Base */ = {isa = PBXFileReference; lastKnownFileType = file.storyboard; name = Base; path = Base.lproj/Main.storyboard; sourceTree = "<group>"; };
		3D1E2970280B4EAD0067F32B /* Assets.xcassets */ = {isa = PBXFileReference; lastKnownFileType = folder.assetcatalog; path = Assets.xcassets; sourceTree = "<group>"; };
		3D1E2973280B4EAD0067F32B /* Base */ = {isa = PBXFileReference; lastKnownFileType = file.storyboard; name = Base; path = Base.lproj/LaunchScreen.storyboard; sourceTree = "<group>"; };
		3D1E2975280B4EAD0067F32B /* Info.plist */ = {isa = PBXFileReference; lastKnownFileType = text.plist.xml; path = Info.plist; sourceTree = "<group>"; };
		3D1E297A280B4EAE0067F32B /* youtube_onedaybuildTests.xctest */ = {isa = PBXFileReference; explicitFileType = wrapper.cfbundle; includeInIndex = 0; path = youtube_onedaybuildTests.xctest; sourceTree = BUILT_PRODUCTS_DIR; };
		3D1E297E280B4EAE0067F32B /* youtube_onedaybuildTests.swift */ = {isa = PBXFileReference; lastKnownFileType = sourcecode.swift; path = youtube_onedaybuildTests.swift; sourceTree = "<group>"; };
		3D1E2984280B4EAE0067F32B /* youtube_onedaybuildUITests.xctest */ = {isa = PBXFileReference; explicitFileType = wrapper.cfbundle; includeInIndex = 0; path = youtube_onedaybuildUITests.xctest; sourceTree = BUILT_PRODUCTS_DIR; };
		3D1E2988280B4EAE0067F32B /* youtube_onedaybuildUITests.swift */ = {isa = PBXFileReference; lastKnownFileType = sourcecode.swift; path = youtube_onedaybuildUITests.swift; sourceTree = "<group>"; };
		3D1E298A280B4EAE0067F32B /* youtube_onedaybuildUITestsLaunchTests.swift */ = {isa = PBXFileReference; lastKnownFileType = sourcecode.swift; path = youtube_onedaybuildUITestsLaunchTests.swift; sourceTree = "<group>"; };
/* End PBXFileReference section */

/* Begin PBXFrameworksBuildPhase section */
		3D1E2961280B4EAB0067F32B /* Frameworks */ = {
			isa = PBXFrameworksBuildPhase;
			buildActionMask = 2147483647;
			files = (
			);
			runOnlyForDeploymentPostprocessing = 0;
		};
		3D1E2977280B4EAE0067F32B /* Frameworks */ = {
			isa = PBXFrameworksBuildPhase;
			buildActionMask = 2147483647;
			files = (
			);
			runOnlyForDeploymentPostprocessing = 0;
		};
		3D1E2981280B4EAE0067F32B /* Frameworks */ = {
			isa = PBXFrameworksBuildPhase;
			buildActionMask = 2147483647;
			files = (
			);
			runOnlyForDeploymentPostprocessing = 0;
		};
/* End PBXFrameworksBuildPhase section */

/* Begin PBXGroup section */
		3D1E295B280B4EAB0067F32B = {
			isa = PBXGroup;
			children = (
				3D1E2966280B4EAB0067F32B /* youtube_onedaybuild */,
				3D1E297D280B4EAE0067F32B /* youtube_onedaybuildTests */,
				3D1E2987280B4EAE0067F32B /* youtube_onedaybuildUITests */,
				3D1E2965280B4EAB0067F32B /* Products */,
			);
			sourceTree = "<group>";
		};
		3D1E2965280B4EAB0067F32B /* Products */ = {
			isa = PBXGroup;
			children = (
				3D1E2964280B4EAB0067F32B /* youtube_onedaybuild.app */,
				3D1E297A280B4EAE0067F32B /* youtube_onedaybuildTests.xctest */,
				3D1E2984280B4EAE0067F32B /* youtube_onedaybuildUITests.xctest */,
			);
			name = Products;
			sourceTree = "<group>";
		};
		3D1E2966280B4EAB0067F32B /* youtube_onedaybuild */ = {
			isa = PBXGroup;
			children = (
				3D1E2967280B4EAB0067F32B /* AppDelegate.swift */,
				3D1E2969280B4EAB0067F32B /* SceneDelegate.swift */,
				3D1E296B280B4EAB0067F32B /* ViewController.swift */,
				3D1E296D280B4EAB0067F32B /* Main.storyboard */,
				3D1E2970280B4EAD0067F32B /* Assets.xcassets */,
				3D1E2972280B4EAD0067F32B /* LaunchScreen.storyboard */,
				3D1E2975280B4EAD0067F32B /* Info.plist */,
			);
			path = youtube_onedaybuild;
			sourceTree = "<group>";
		};
		3D1E297D280B4EAE0067F32B /* youtube_onedaybuildTests */ = {
			isa = PBXGroup;
			children = (
				3D1E297E280B4EAE0067F32B /* youtube_onedaybuildTests.swift */,
			);
			path = youtube_onedaybuildTests;
			sourceTree = "<group>";
		};
		3D1E2987280B4EAE0067F32B /* youtube_onedaybuildUITests */ = {
			isa = PBXGroup;
			children = (
				3D1E2988280B4EAE0067F32B /* youtube_onedaybuildUITests.swift */,
				3D1E298A280B4EAE0067F32B /* youtube_onedaybuildUITestsLaunchTests.swift */,
			);
			path = youtube_onedaybuildUITests;
			sourceTree = "<group>";
		};
/* End PBXGroup section */

/* Begin PBXNativeTarget section */
		3D1E2963280B4EAB0067F32B /* youtube_onedaybuild */ = {
			isa = PBXNativeTarget;
			buildConfigurationList = 3D1E298E280B4EAE0067F32B /* Build configuration list for PBXNativeTarget "youtube_onedaybuild" */;
			buildPhases = (
				3D1E2960280B4EAB0067F32B /* Sources */,
				3D1E2961280B4EAB0067F32B /* Frameworks */,
				3D1E2962280B4EAB0067F32B /* Resources */,
			);
			buildRules = (
			);
			dependencies = (
			);
			name = youtube_onedaybuild;
			productName = youtube_onedaybuild;
			productReference = 3D1E2964280B4EAB0067F32B /* youtube_onedaybuild.app */;
			productType = "com.apple.product-type.application";
		};
		3D1E2979280B4EAE0067F32B /* youtube_onedaybuildTests */ = {
			isa = PBXNativeTarget;
			buildConfigurationList = 3D1E2991280B4EAE0067F32B /* Build configuration list for PBXNativeTarget "youtube_onedaybuildTests" */;
			buildPhases = (
				3D1E2976280B4EAE0067F32B /* Sources */,
				3D1E2977280B4EAE0067F32B /* Frameworks */,
				3D1E2978280B4EAE0067F32B /* Resources */,
			);
			buildRules = (
			);
			dependencies = (
				3D1E297C280B4EAE0067F32B /* PBXTargetDependency */,
			);
			name = youtube_onedaybuildTests;
			productName = youtube_onedaybuildTests;
			productReference = 3D1E297A280B4EAE0067F32B /* youtube_onedaybuildTests.xctest */;
			productType = "com.apple.product-type.bundle.unit-test";
		};
		3D1E2983280B4EAE0067F32B /* youtube_onedaybuildUITests */ = {
			isa = PBXNativeTarget;
			buildConfigurationList = 3D1E2994280B4EAE0067F32B /* Build configuration list for PBXNativeTarget "youtube_onedaybuildUITests" */;
			buildPhases = (
				3D1E2980280B4EAE0067F32B /* Sources */,
				3D1E2981280B4EAE0067F32B /* Frameworks */,
				3D1E2982280B4EAE0067F32B /* Resources */,
			);
			buildRules = (
			);
			dependencies = (
				3D1E2986280B4EAE0067F32B /* PBXTargetDependency */,
			);
			name = youtube_onedaybuildUITests;
			productName = youtube_onedaybuildUITests;
			productReference = 3D1E2984280B4EAE0067F32B /* youtube_onedaybuildUITests.xctest */;
			productType = "com.apple.product-type.bundle.ui-testing";
		};
/* End PBXNativeTarget section */

/* Begin PBXProject section */
		3D1E295C280B4EAB0067F32B /* Project object */ = {
			isa = PBXProject;
			attributes = {
				BuildIndependentTargetsInParallel = 1;
				LastSwiftUpdateCheck = 1310;
				LastUpgradeCheck = 1310;
				TargetAttributes = {
					3D1E2963280B4EAB0067F32B = {
						CreatedOnToolsVersion = 13.1;
					};
					3D1E2979280B4EAE0067F32B = {
						CreatedOnToolsVersion = 13.1;
						TestTargetID = 3D1E2963280B4EAB0067F32B;
					};
					3D1E2983280B4EAE0067F32B = {
						CreatedOnToolsVersion = 13.1;
						TestTargetID = 3D1E2963280B4EAB0067F32B;
					};
				};
			};
			buildConfigurationList = 3D1E295F280B4EAB0067F32B /* Build configuration list for PBXProject "youtube_onedaybuild" */;
			compatibilityVersion = "Xcode 13.0";
			developmentRegion = en;
			hasScannedForEncodings = 0;
			knownRegions = (
				en,
				Base,
			);
			mainGroup = 3D1E295B280B4EAB0067F32B;
			productRefGroup = 3D1E2965280B4EAB0067F32B /* Products */;
			projectDirPath = "";
			projectRoot = "";
			targets = (
				3D1E2963280B4EAB0067F32B /* youtube_onedaybuild */,
				3D1E2979280B4EAE0067F32B /* youtube_onedaybuildTests */,
				3D1E2983280B4EAE0067F32B /* youtube_onedaybuildUITests */,
			);
		};
/* End PBXProject section */

/* Begin PBXResourcesBuildPhase section */
		3D1E2962280B4EAB0067F32B /* Resources */ = {
			isa = PBXResourcesBuildPhase;
			buildActionMask = 2147483647;
			files = (
				3D1E2974280B4EAD0067F32B /* LaunchScreen.storyboard in Resources */,
				3D1E2971280B4EAD0067F32B /* Assets.xcassets in Resources */,
				3D1E296F280B4EAB0067F32B /* Main.storyboard in Resources */,
			);
			runOnlyForDeploymentPostprocessing = 0;
		};
		3D1E2978280B4EAE0067F32B /* Resources */ = {
			isa = PBXResourcesBuildPhase;
			buildActionMask = 2147483647;
			files = (
			);
			runOnlyForDeploymentPostprocessing = 0;
		};
		3D1E2982280B4EAE0067F32B /* Resources */ = {
			isa = PBXResourcesBuildPhase;
			buildActionMask = 2147483647;
			files = (
			);
			runOnlyForDeploymentPostprocessing = 0;
		};
/* End PBXResourcesBuildPhase section */

/* Begin PBXSourcesBuildPhase section */
		3D1E2960280B4EAB0067F32B /* Sources */ = {
			isa = PBXSourcesBuildPhase;
			buildActionMask = 2147483647;
			files = (
				3D1E296C280B4EAB0067F32B /* ViewController.swift in Sources */,
				3D1E2968280B4EAB0067F32B /* AppDelegate.swift in Sources */,
				3D1E296A280B4EAB0067F32B /* SceneDelegate.swift in Sources */,
			);
			runOnlyForDeploymentPostprocessing = 0;
		};
		3D1E2976280B4EAE0067F32B /* Sources */ = {
			isa = PBXSourcesBuildPhase;
			buildActionMask = 2147483647;
			files = (
				3D1E297F280B4EAE0067F32B /* youtube_onedaybuildTests.swift in Sources */,
			);
			runOnlyForDeploymentPostprocessing = 0;
		};
		3D1E2980280B4EAE0067F32B /* Sources */ = {
			isa = PBXSourcesBuildPhase;
			buildActionMask = 2147483647;
			files = (
				3D1E2989280B4EAE0067F32B /* youtube_onedaybuildUITests.swift in Sources */,
				3D1E298B280B4EAE0067F32B /* youtube_onedaybuildUITestsLaunchTests.swift in Sources */,
			);
			runOnlyForDeploymentPostprocessing = 0;
		};
/* End PBXSourcesBuildPhase section */

/* Begin PBXTargetDependency section */
		3D1E297C280B4EAE0067F32B /* PBXTargetDependency */ = {
			isa = PBXTargetDependency;
			target = 3D1E2963280B4EAB0067F32B /* youtube_onedaybuild */;
			targetProxy = 3D1E297B280B4EAE0067F32B /* PBXContainerItemProxy */;
		};
		3D1E2986280B4EAE0067F32B /* PBXTargetDependency */ = {
			isa = PBXTargetDependency;
			target = 3D1E2963280B4EAB0067F32B /* youtube_onedaybuild */;
			targetProxy = 3D1E2985280B4EAE0067F32B /* PBXContainerItemProxy */;
		};
/* End PBXTargetDependency section */

/* Begin PBXVariantGroup section */
		3D1E296D280B4EAB0067F32B /* Main.storyboard */ = {
			isa = PBXVariantGroup;
			children = (
				3D1E296E280B4EAB0067F32B /* Base */,
			);
			name = Main.storyboard;
			sourceTree = "<group>";
		};
		3D1E2972280B4EAD0067F32B /* LaunchScreen.storyboard */ = {
			isa = PBXVariantGroup;
			children = (
				3D1E2973280B4EAD0067F32B /* Base */,
			);
			name = LaunchScreen.storyboard;
			sourceTree = "<group>";
		};
/* End PBXVariantGroup section */

/* Begin XCBuildConfiguration section */
		3D1E298C280B4EAE0067F32B /* Debug */ = {
			isa = XCBuildConfiguration;
			buildSettings = {
				ALWAYS_SEARCH_USER_PATHS = NO;
				CLANG_ANALYZER_NONNULL = YES;
				CLANG_ANALYZER_NUMBER_OBJECT_CONVERSION = YES_AGGRESSIVE;
				CLANG_CXX_LANGUAGE_STANDARD = "gnu++17";
				CLANG_CXX_LIBRARY = "libc++";
				CLANG_ENABLE_MODULES = YES;
				CLANG_ENABLE_OBJC_ARC = YES;
				CLANG_ENABLE_OBJC_WEAK = YES;
				CLANG_WARN_BLOCK_CAPTURE_AUTORELEASING = YES;
				CLANG_WARN_BOOL_CONVERSION = YES;
				CLANG_WARN_COMMA = YES;
				CLANG_WARN_CONSTANT_CONVERSION = YES;
				CLANG_WARN_DEPRECATED_OBJC_IMPLEMENTATIONS = YES;
				CLANG_WARN_DIRECT_OBJC_ISA_USAGE = YES_ERROR;
				CLANG_WARN_DOCUMENTATION_COMMENTS = YES;
				CLANG_WARN_EMPTY_BODY = YES;
				CLANG_WARN_ENUM_CONVERSION = YES;
				CLANG_WARN_INFINITE_RECURSION = YES;
				CLANG_WARN_INT_CONVERSION = YES;
				CLANG_WARN_NON_LITERAL_NULL_CONVERSION = YES;
				CLANG_WARN_OBJC_IMPLICIT_RETAIN_SELF = YES;
				CLANG_WARN_OBJC_LITERAL_CONVERSION = YES;
				CLANG_WARN_OBJC_ROOT_CLASS = YES_ERROR;
				CLANG_WARN_QUOTED_INCLUDE_IN_FRAMEWORK_HEADER = YES;
				CLANG_WARN_RANGE_LOOP_ANALYSIS = YES;
				CLANG_WARN_STRICT_PROTOTYPES = YES;
				CLANG_WARN_SUSPICIOUS_MOVE = YES;
				CLANG_WARN_UNGUARDED_AVAILABILITY = YES_AGGRESSIVE;
				CLANG_WARN_UNREACHABLE_CODE = YES;
				CLANG_WARN__DUPLICATE_METHOD_MATCH = YES;
				COPY_PHASE_STRIP = NO;
				DEBUG_INFORMATION_FORMAT = dwarf;
				ENABLE_STRICT_OBJC_MSGSEND = YES;
				ENABLE_TESTABILITY = YES;
				GCC_C_LANGUAGE_STANDARD = gnu11;
				GCC_DYNAMIC_NO_PIC = NO;
				GCC_NO_COMMON_BLOCKS = YES;
				GCC_OPTIMIZATION_LEVEL = 0;
				GCC_PREPROCESSOR_DEFINITIONS = (
					"DEBUG=1",
					"$(inherited)",
				);
				GCC_WARN_64_TO_32_BIT_CONVERSION = YES;
				GCC_WARN_ABOUT_RETURN_TYPE = YES_ERROR;
				GCC_WARN_UNDECLARED_SELECTOR = YES;
				GCC_WARN_UNINITIALIZED_AUTOS = YES_AGGRESSIVE;
				GCC_WARN_UNUSED_FUNCTION = YES;
				GCC_WARN_UNUSED_VARIABLE = YES;
				IPHONEOS_DEPLOYMENT_TARGET = 15.0;
				MTL_ENABLE_DEBUG_INFO = INCLUDE_SOURCE;
				MTL_FAST_MATH = YES;
				ONLY_ACTIVE_ARCH = YES;
				SDKROOT = iphoneos;
				SWIFT_ACTIVE_COMPILATION_CONDITIONS = DEBUG;
				SWIFT_OPTIMIZATION_LEVEL = "-Onone";
			};
			name = Debug;
		};
		3D1E298D280B4EAE0067F32B /* Release */ = {
			isa = XCBuildConfiguration;
			buildSettings = {
				ALWAYS_SEARCH_USER_PATHS = NO;
				CLANG_ANALYZER_NONNULL = YES;
				CLANG_ANALYZER_NUMBER_OBJECT_CONVERSION = YES_AGGRESSIVE;
				CLANG_CXX_LANGUAGE_STANDARD = "gnu++17";
				CLANG_CXX_LIBRARY = "libc++";
				CLANG_ENABLE_MODULES = YES;
				CLANG_ENABLE_OBJC_ARC = YES;
				CLANG_ENABLE_OBJC_WEAK = YES;
				CLANG_WARN_BLOCK_CAPTURE_AUTORELEASING = YES;
				CLANG_WARN_BOOL_CONVERSION = YES;
				CLANG_WARN_COMMA = YES;
				CLANG_WARN_CONSTANT_CONVERSION = YES;
				CLANG_WARN_DEPRECATED_OBJC_IMPLEMENTATIONS = YES;
				CLANG_WARN_DIRECT_OBJC_ISA_USAGE = YES_ERROR;
				CLANG_WARN_DOCUMENTATION_COMMENTS = YES;
				CLANG_WARN_EMPTY_BODY = YES;
				CLANG_WARN_ENUM_CONVERSION = YES;
				CLANG_WARN_INFINITE_RECURSION = YES;
				CLANG_WARN_INT_CONVERSION = YES;
				CLANG_WARN_NON_LITERAL_NULL_CONVERSION = YES;
				CLANG_WARN_OBJC_IMPLICIT_RETAIN_SELF = YES;
				CLANG_WARN_OBJC_LITERAL_CONVERSION = YES;
				CLANG_WARN_OBJC_ROOT_CLASS = YES_ERROR;
				CLANG_WARN_QUOTED_INCLUDE_IN_FRAMEWORK_HEADER = YES;
				CLANG_WARN_RANGE_LOOP_ANALYSIS = YES;
				CLANG_WARN_STRICT_PROTOTYPES = YES;
				CLANG_WARN_SUSPICIOUS_MOVE = YES;
				CLANG_WARN_UNGUARDED_AVAILABILITY = YES_AGGRESSIVE;
				CLANG_WARN_UNREACHABLE_CODE = YES;
				CLANG_WARN__DUPLICATE_METHOD_MATCH = YES;
				COPY_PHASE_STRIP = NO;
				DEBUG_INFORMATION_FORMAT = "dwarf-with-dsym";
				ENABLE_NS_ASSERTIONS = NO;
				ENABLE_STRICT_OBJC_MSGSEND = YES;
				GCC_C_LANGUAGE_STANDARD = gnu11;
				GCC_NO_COMMON_BLOCKS = YES;
				GCC_WARN_64_TO_32_BIT_CONVERSION = YES;
				GCC_WARN_ABOUT_RETURN_TYPE = YES_ERROR;
				GCC_WARN_UNDECLARED_SELECTOR = YES;
				GCC_WARN_UNINITIALIZED_AUTOS = YES_AGGRESSIVE;
				GCC_WARN_UNUSED_FUNCTION = YES;
				GCC_WARN_UNUSED_VARIABLE = YES;
				IPHONEOS_DEPLOYMENT_TARGET = 15.0;
				MTL_ENABLE_DEBUG_INFO = NO;
				MTL_FAST_MATH = YES;
				SDKROOT = iphoneos;
				SWIFT_COMPILATION_MODE = wholemodule;
				SWIFT_OPTIMIZATION_LEVEL = "-O";
				VALIDATE_PRODUCT = YES;
			};
			name = Release;
		};
		3D1E298F280B4EAE0067F32B /* Debug */ = {
			isa = XCBuildConfiguration;
			buildSettings = {
				ASSETCATALOG_COMPILER_APPICON_NAME = AppIcon;
				ASSETCATALOG_COMPILER_GLOBAL_ACCENT_COLOR_NAME = AccentColor;
				CODE_SIGN_STYLE = Automatic;
				CURRENT_PROJECT_VERSION = 1;
				DEVELOPMENT_TEAM = 4UHRQP8Z3H;
				GENERATE_INFOPLIST_FILE = YES;
				INFOPLIST_FILE = youtube_onedaybuild/Info.plist;
				INFOPLIST_KEY_UIApplicationSupportsIndirectInputEvents = YES;
				INFOPLIST_KEY_UILaunchStoryboardName = LaunchScreen;
				INFOPLIST_KEY_UIMainStoryboardFile = Main;
				INFOPLIST_KEY_UISupportedInterfaceOrientations_iPad = "UIInterfaceOrientationPortrait UIInterfaceOrientationPortraitUpsideDown UIInterfaceOrientationLandscapeLeft UIInterfaceOrientationLandscapeRight";
				INFOPLIST_KEY_UISupportedInterfaceOrientations_iPhone = "UIInterfaceOrientationPortrait UIInterfaceOrientationLandscapeLeft UIInterfaceOrientationLandscapeRight";
				LD_RUNPATH_SEARCH_PATHS = (
					"$(inherited)",
					"@executable_path/Frameworks",
				);
				MARKETING_VERSION = 1.0;
				PRODUCT_BUNDLE_IDENTIFIER = "com.mysmith.youtube-onedaybuild";
				PRODUCT_NAME = "$(TARGET_NAME)";
				SWIFT_EMIT_LOC_STRINGS = YES;
				SWIFT_VERSION = 5.0;
				TARGETED_DEVICE_FAMILY = "1,2";
			};
			name = Debug;
		};
		3D1E2990280B4EAE0067F32B /* Release */ = {
			isa = XCBuildConfiguration;
			buildSettings = {
				ASSETCATALOG_COMPILER_APPICON_NAME = AppIcon;
				ASSETCATALOG_COMPILER_GLOBAL_ACCENT_COLOR_NAME = AccentColor;
				CODE_SIGN_STYLE = Automatic;
				CURRENT_PROJECT_VERSION = 1;
				DEVELOPMENT_TEAM = 4UHRQP8Z3H;
				GENERATE_INFOPLIST_FILE = YES;
				INFOPLIST_FILE = youtube_onedaybuild/Info.plist;
				INFOPLIST_KEY_UIApplicationSupportsIndirectInputEvents = YES;
				INFOPLIST_KEY_UILaunchStoryboardName = LaunchScreen;
				INFOPLIST_KEY_UIMainStoryboardFile = Main;
				INFOPLIST_KEY_UISupportedInterfaceOrientations_iPad = "UIInterfaceOrientationPortrait UIInterfaceOrientationPortraitUpsideDown UIInterfaceOrientationLandscapeLeft UIInterfaceOrientationLandscapeRight";
				INFOPLIST_KEY_UISupportedInterfaceOrientations_iPhone = "UIInterfaceOrientationPortrait UIInterfaceOrientationLandscapeLeft UIInterfaceOrientationLandscapeRight";
				LD_RUNPATH_SEARCH_PATHS = (
					"$(inherited)",
					"@executable_path/Frameworks",
				);
				MARKETING_VERSION = 1.0;
				PRODUCT_BUNDLE_IDENTIFIER = "com.mysmith.youtube-onedaybuild";
				PRODUCT_NAME = "$(TARGET_NAME)";
				SWIFT_EMIT_LOC_STRINGS = YES;
				SWIFT_VERSION = 5.0;
				TARGETED_DEVICE_FAMILY = "1,2";
			};
			name = Release;
		};
		3D1E2992280B4EAE0067F32B /* Debug */ = {
			isa = XCBuildConfiguration;
			buildSettings = {
				ALWAYS_EMBED_SWIFT_STANDARD_LIBRARIES = YES;
				BUNDLE_LOADER = "$(TEST_HOST)";
				CODE_SIGN_STYLE = Automatic;
				CURRENT_PROJECT_VERSION = 1;
				DEVELOPMENT_TEAM = 4UHRQP8Z3H;
				GENERATE_INFOPLIST_FILE = YES;
				IPHONEOS_DEPLOYMENT_TARGET = 15.0;
				LD_RUNPATH_SEARCH_PATHS = (
					"$(inherited)",
					"@executable_path/Frameworks",
					"@loader_path/Frameworks",
				);
				MARKETING_VERSION = 1.0;
				PRODUCT_BUNDLE_IDENTIFIER = "com.mysmith.youtube-onedaybuildTests";
				PRODUCT_NAME = "$(TARGET_NAME)";
				SWIFT_EMIT_LOC_STRINGS = NO;
				SWIFT_VERSION = 5.0;
				TARGETED_DEVICE_FAMILY = "1,2";
				TEST_HOST = "$(BUILT_PRODUCTS_DIR)/youtube_onedaybuild.app/youtube_onedaybuild";
			};
			name = Debug;
		};
		3D1E2993280B4EAE0067F32B /* Release */ = {
			isa = XCBuildConfiguration;
			buildSettings = {
				ALWAYS_EMBED_SWIFT_STANDARD_LIBRARIES = YES;
				BUNDLE_LOADER = "$(TEST_HOST)";
				CODE_SIGN_STYLE = Automatic;
				CURRENT_PROJECT_VERSION = 1;
				DEVELOPMENT_TEAM = 4UHRQP8Z3H;
				GENERATE_INFOPLIST_FILE = YES;
				IPHONEOS_DEPLOYMENT_TARGET = 15.0;
				LD_RUNPATH_SEARCH_PATHS = (
					"$(inherited)",
					"@executable_path/Frameworks",
					"@loader_path/Frameworks",
				);
				MARKETING_VERSION = 1.0;
				PRODUCT_BUNDLE_IDENTIFIER = "com.mysmith.youtube-onedaybuildTests";
				PRODUCT_NAME = "$(TARGET_NAME)";
				SWIFT_EMIT_LOC_STRINGS = NO;
				SWIFT_VERSION = 5.0;
				TARGETED_DEVICE_FAMILY = "1,2";
				TEST_HOST = "$(BUILT_PRODUCTS_DIR)/youtube_onedaybuild.app/youtube_onedaybuild";
			};
			name = Release;
		};
		3D1E2995280B4EAE0067F32B /* Debug */ = {
			isa = XCBuildConfiguration;
			buildSettings = {
				ALWAYS_EMBED_SWIFT_STANDARD_LIBRARIES = YES;
				CODE_SIGN_STYLE = Automatic;
				CURRENT_PROJECT_VERSION = 1;
				DEVELOPMENT_TEAM = 4UHRQP8Z3H;
				GENERATE_INFOPLIST_FILE = YES;
				LD_RUNPATH_SEARCH_PATHS = (
					"$(inherited)",
					"@executable_path/Frameworks",
					"@loader_path/Frameworks",
				);
				MARKETING_VERSION = 1.0;
				PRODUCT_BUNDLE_IDENTIFIER = "com.mysmith.youtube-onedaybuildUITests";
				PRODUCT_NAME = "$(TARGET_NAME)";
				SWIFT_EMIT_LOC_STRINGS = NO;
				SWIFT_VERSION = 5.0;
				TARGETED_DEVICE_FAMILY = "1,2";
				TEST_TARGET_NAME = youtube_onedaybuild;
			};
			name = Debug;
		};
		3D1E2996280B4EAE0067F32B /* Release */ = {
			isa = XCBuildConfiguration;
			buildSettings = {
				ALWAYS_EMBED_SWIFT_STANDARD_LIBRARIES = YES;
				CODE_SIGN_STYLE = Automatic;
				CURRENT_PROJECT_VERSION = 1;
				DEVELOPMENT_TEAM = 4UHRQP8Z3H;
				GENERATE_INFOPLIST_FILE = YES;
				LD_RUNPATH_SEARCH_PATHS = (
					"$(inherited)",
					"@executable_path/Frameworks",
					"@loader_path/Frameworks",
				);
				MARKETING_VERSION = 1.0;
				PRODUCT_BUNDLE_IDENTIFIER = "com.mysmith.youtube-onedaybuildUITests";
				PRODUCT_NAME = "$(TARGET_NAME)";
				SWIFT_EMIT_LOC_STRINGS = NO;
				SWIFT_VERSION = 5.0;
				TARGETED_DEVICE_FAMILY = "1,2";
				TEST_TARGET_NAME = youtube_onedaybuild;
			};
			name = Release;
		};
/* End XCBuildConfiguration section */

/* Begin XCConfigurationList section */
		3D1E295F280B4EAB0067F32B /* Build configuration list for PBXProject "youtube_onedaybuild" */ = {
			isa = XCConfigurationList;
			buildConfigurations = (
				3D1E298C280B4EAE0067F32B /* Debug */,
				3D1E298D280B4EAE0067F32B /* Release */,
			);
			defaultConfigurationIsVisible = 0;
			defaultConfigurationName = Release;
		};
		3D1E298E280B4EAE0067F32B /* Build configuration list for PBXNativeTarget "youtube_onedaybuild" */ = {
			isa = XCConfigurationList;
			buildConfigurations = (
				3D1E298F280B4EAE0067F32B /* Debug */,
				3D1E2990280B4EAE0067F32B /* Release */,
			);
			defaultConfigurationIsVisible = 0;
			defaultConfigurationName = Release;
		};
		3D1E2991280B4EAE0067F32B /* Build configuration list for PBXNativeTarget "youtube_onedaybuildTests" */ = {
			isa = XCConfigurationList;
			buildConfigurations = (
				3D1E2992280B4EAE0067F32B /* Debug */,
				3D1E2993280B4EAE0067F32B /* Release */,
			);
			defaultConfigurationIsVisible = 0;
			defaultConfigurationName = Release;
		};
		3D1E2994280B4EAE0067F32B /* Build configuration list for PBXNativeTarget "youtube_onedaybuildUITests" */ = {
			isa = XCConfigurationList;
			buildConfigurations = (
				3D1E2995280B4EAE0067F32B /* Debug */,
				3D1E2996280B4EAE0067F32B /* Release */,
			);
			defaultConfigurationIsVisible = 0;
			defaultConfigurationName = Release;
		};
/* End XCConfigurationList section */
	};
	rootObject = 3D1E295C280B4EAB0067F32B /* Project object */;
}
